// !$*UTF8*$!
{
	archiveVersion = 1;
	classes = {
	};
	objectVersion = 56;
	objects = {

/* Begin PBXBuildFile section */
		7F29B1FD2B76A15500A55511 /* color.swift in Sources */ = {isa = PBXBuildFile; fileRef = 7F29B1FC2B76A15500A55511 /* color.swift */; };
		7F29B20D2B76A19100A55511 /* signup_page.swift in Sources */ = {isa = PBXBuildFile; fileRef = 7F29B1FE2B76A19100A55511 /* signup_page.swift */; };
		7F29B20E2B76A19100A55511 /* manualFilling.swift in Sources */ = {isa = PBXBuildFile; fileRef = 7F29B1FF2B76A19100A55511 /* manualFilling.swift */; };
		7F29B20F2B76A19100A55511 /* testing_code.swift in Sources */ = {isa = PBXBuildFile; fileRef = 7F29B2002B76A19100A55511 /* testing_code.swift */; };
		7F29B2102B76A19100A55511 /* dashboardView.swift in Sources */ = {isa = PBXBuildFile; fileRef = 7F29B2012B76A19100A55511 /* dashboardView.swift */; };
		7F29B2112B76A19100A55511 /* VehicleDetails.swift in Sources */ = {isa = PBXBuildFile; fileRef = 7F29B2022B76A19100A55511 /* VehicleDetails.swift */; };
		7F29B2122B76A19100A55511 /* Login_Signup_Page.swift in Sources */ = {isa = PBXBuildFile; fileRef = 7F29B2032B76A19100A55511 /* Login_Signup_Page.swift */; };
		7F29B2132B76A19100A55511 /* historyView.swift in Sources */ = {isa = PBXBuildFile; fileRef = 7F29B2042B76A19100A55511 /* historyView.swift */; };
		7F29B2142B76A19100A55511 /* homePageDashboard.swift in Sources */ = {isa = PBXBuildFile; fileRef = 7F29B2052B76A19100A55511 /* homePageDashboard.swift */; };
		7F29B2152B76A19100A55511 /* VehcileDetails_CarDetails.swift in Sources */ = {isa = PBXBuildFile; fileRef = 7F29B2062B76A19100A55511 /* VehcileDetails_CarDetails.swift */; };
		7F29B2162B76A19100A55511 /* SecondView.swift in Sources */ = {isa = PBXBuildFile; fileRef = 7F29B2072B76A19100A55511 /* SecondView.swift */; };
		7F29B2172B76A19100A55511 /* LaunchScreen.swift in Sources */ = {isa = PBXBuildFile; fileRef = 7F29B2082B76A19100A55511 /* LaunchScreen.swift */; };
		7F29B2182B76A19100A55511 /* recordView.swift in Sources */ = {isa = PBXBuildFile; fileRef = 7F29B2092B76A19100A55511 /* recordView.swift */; };
		7F29B2192B76A19100A55511 /* privateVehicleDetails.swift in Sources */ = {isa = PBXBuildFile; fileRef = 7F29B20A2B76A19100A55511 /* privateVehicleDetails.swift */; };
		7F29B21A2B76A19100A55511 /* frequentlyUsedVehicles.swift in Sources */ = {isa = PBXBuildFile; fileRef = 7F29B20B2B76A19100A55511 /* frequentlyUsedVehicles.swift */; };
		7F29B21B2B76A19100A55511 /* OnboardingView.swift in Sources */ = {isa = PBXBuildFile; fileRef = 7F29B20C2B76A19100A55511 /* OnboardingView.swift */; };
		7F6C1F5F2B5510BF00CBEC53 /* Eco_Harbour_SwiftUIApp.swift in Sources */ = {isa = PBXBuildFile; fileRef = 7F6C1F5E2B5510BF00CBEC53 /* Eco_Harbour_SwiftUIApp.swift */; };
		7F6C1F612B5510BF00CBEC53 /* ContentView.swift in Sources */ = {isa = PBXBuildFile; fileRef = 7F6C1F602B5510BF00CBEC53 /* ContentView.swift */; };
		7F6C1F632B5510C000CBEC53 /* Assets.xcassets in Resources */ = {isa = PBXBuildFile; fileRef = 7F6C1F622B5510C000CBEC53 /* Assets.xcassets */; };
		7F6C1F662B5510C000CBEC53 /* Preview Assets.xcassets in Resources */ = {isa = PBXBuildFile; fileRef = 7F6C1F652B5510C000CBEC53 /* Preview Assets.xcassets */; };
		7F6C1F702B5510C000CBEC53 /* Eco_Harbour_SwiftUITests.swift in Sources */ = {isa = PBXBuildFile; fileRef = 7F6C1F6F2B5510C000CBEC53 /* Eco_Harbour_SwiftUITests.swift */; };
		7F6C1F7A2B5510C000CBEC53 /* Eco_Harbour_SwiftUIUITests.swift in Sources */ = {isa = PBXBuildFile; fileRef = 7F6C1F792B5510C000CBEC53 /* Eco_Harbour_SwiftUIUITests.swift */; };
		7F6C1F7C2B5510C000CBEC53 /* Eco_Harbour_SwiftUIUITestsLaunchTests.swift in Sources */ = {isa = PBXBuildFile; fileRef = 7F6C1F7B2B5510C000CBEC53 /* Eco_Harbour_SwiftUIUITestsLaunchTests.swift */; };
		7FA3AE372BA6A7CD0091CF45 /* SignInEmailView.swift in Sources */ = {isa = PBXBuildFile; fileRef = 7FA3AE362BA6A7CD0091CF45 /* SignInEmailView.swift */; };
		7FA3AE392BA838BD0091CF45 /* FirebaseFirestore in Frameworks */ = {isa = PBXBuildFile; productRef = 7FA3AE382BA838BD0091CF45 /* FirebaseFirestore */; };
		7FA3AE3B2BA838BD0091CF45 /* FirebaseFirestoreSwift in Frameworks */ = {isa = PBXBuildFile; productRef = 7FA3AE3A2BA838BD0091CF45 /* FirebaseFirestoreSwift */; };
		7FA3AE412BA83B6B0091CF45 /* SettingsViewModel.swift in Sources */ = {isa = PBXBuildFile; fileRef = 7FA3AE402BA83B6B0091CF45 /* SettingsViewModel.swift */; };
		7FA3AE432BA83B9D0091CF45 /* AuthenticationViewModel.swift in Sources */ = {isa = PBXBuildFile; fileRef = 7FA3AE422BA83B9D0091CF45 /* AuthenticationViewModel.swift */; };
		7FA3AE452BA83BD60091CF45 /* SignUpEmailViewModel.swift in Sources */ = {isa = PBXBuildFile; fileRef = 7FA3AE442BA83BD60091CF45 /* SignUpEmailViewModel.swift */; };
		7FA3AE472BA83C000091CF45 /* SignInEmailViewModel.swift in Sources */ = {isa = PBXBuildFile; fileRef = 7FA3AE462BA83C000091CF45 /* SignInEmailViewModel.swift */; };
		7FBB4B3C2B874F6400728A3D /* recordDailyRenderCategory.swift in Sources */ = {isa = PBXBuildFile; fileRef = 7FBB4B3B2B874F6400728A3D /* recordDailyRenderCategory.swift */; };
		7FBB4B3E2B8758F800728A3D /* historyVIEW demo.swift in Sources */ = {isa = PBXBuildFile; fileRef = 7FBB4B3D2B8758F800728A3D /* historyVIEW demo.swift */; };
		7FC0DED42B8B84D5002962BE /* UserData.swift in Sources */ = {isa = PBXBuildFile; fileRef = 7FC0DED32B8B84D5002962BE /* UserData.swift */; };
		7FC0DED62B8BBF4C002962BE /* DistanceViewModel.swift in Sources */ = {isa = PBXBuildFile; fileRef = 7FC0DED52B8BBF4C002962BE /* DistanceViewModel.swift */; };
		E3F24C932B9E444C00DA780D /* GoogleService-Info.plist in Resources */ = {isa = PBXBuildFile; fileRef = E3F24C922B9E444C00DA780D /* GoogleService-Info.plist */; };
		E3F24C962B9E464300DA780D /* FirebaseAnalytics in Frameworks */ = {isa = PBXBuildFile; productRef = E3F24C952B9E464300DA780D /* FirebaseAnalytics */; };
		E3F24C982B9E464300DA780D /* FirebaseAnalyticsSwift in Frameworks */ = {isa = PBXBuildFile; productRef = E3F24C972B9E464300DA780D /* FirebaseAnalyticsSwift */; };
		E3F24C9B2B9E49C200DA780D /* FirebaseAuth in Frameworks */ = {isa = PBXBuildFile; productRef = E3F24C9A2B9E49C200DA780D /* FirebaseAuth */; };
		E3F24C9E2B9E4A8B00DA780D /* AuthenticationView.swift in Sources */ = {isa = PBXBuildFile; fileRef = E3F24C9D2B9E4A8B00DA780D /* AuthenticationView.swift */; };
		E3F24CA22B9E4BBC00DA780D /* SignUpEmailView.swift in Sources */ = {isa = PBXBuildFile; fileRef = E3F24CA12B9E4BBC00DA780D /* SignUpEmailView.swift */; };
		E3F24CA42B9E4D5D00DA780D /* AuthenticationManager.swift in Sources */ = {isa = PBXBuildFile; fileRef = E3F24CA32B9E4D5D00DA780D /* AuthenticationManager.swift */; };
		E3F24CA62B9E558700DA780D /* RootView.swift in Sources */ = {isa = PBXBuildFile; fileRef = E3F24CA52B9E558700DA780D /* RootView.swift */; };
		E3F24CA82B9E5B7300DA780D /* SettingsView.swift in Sources */ = {isa = PBXBuildFile; fileRef = E3F24CA72B9E5B7300DA780D /* SettingsView.swift */; };
/* End PBXBuildFile section */

/* Begin PBXContainerItemProxy section */
		7F6C1F6C2B5510C000CBEC53 /* PBXContainerItemProxy */ = {
			isa = PBXContainerItemProxy;
			containerPortal = 7F6C1F532B5510BF00CBEC53 /* Project object */;
			proxyType = 1;
			remoteGlobalIDString = 7F6C1F5A2B5510BF00CBEC53;
			remoteInfo = Eco_Harbour_SwiftUI;
		};
		7F6C1F762B5510C000CBEC53 /* PBXContainerItemProxy */ = {
			isa = PBXContainerItemProxy;
			containerPortal = 7F6C1F532B5510BF00CBEC53 /* Project object */;
			proxyType = 1;
			remoteGlobalIDString = 7F6C1F5A2B5510BF00CBEC53;
			remoteInfo = Eco_Harbour_SwiftUI;
		};
/* End PBXContainerItemProxy section */

/* Begin PBXFileReference section */
		7F29B1FC2B76A15500A55511 /* color.swift */ = {isa = PBXFileReference; fileEncoding = 4; lastKnownFileType = sourcecode.swift; path = color.swift; sourceTree = "<group>"; };
		7F29B1FE2B76A19100A55511 /* signup_page.swift */ = {isa = PBXFileReference; fileEncoding = 4; lastKnownFileType = sourcecode.swift; path = signup_page.swift; sourceTree = "<group>"; };
		7F29B1FF2B76A19100A55511 /* manualFilling.swift */ = {isa = PBXFileReference; fileEncoding = 4; lastKnownFileType = sourcecode.swift; path = manualFilling.swift; sourceTree = "<group>"; };
		7F29B2002B76A19100A55511 /* testing_code.swift */ = {isa = PBXFileReference; fileEncoding = 4; lastKnownFileType = sourcecode.swift; path = testing_code.swift; sourceTree = "<group>"; };
		7F29B2012B76A19100A55511 /* dashboardView.swift */ = {isa = PBXFileReference; fileEncoding = 4; lastKnownFileType = sourcecode.swift; path = dashboardView.swift; sourceTree = "<group>"; };
		7F29B2022B76A19100A55511 /* VehicleDetails.swift */ = {isa = PBXFileReference; fileEncoding = 4; lastKnownFileType = sourcecode.swift; path = VehicleDetails.swift; sourceTree = "<group>"; };
		7F29B2032B76A19100A55511 /* Login_Signup_Page.swift */ = {isa = PBXFileReference; fileEncoding = 4; lastKnownFileType = sourcecode.swift; path = Login_Signup_Page.swift; sourceTree = "<group>"; };
		7F29B2042B76A19100A55511 /* historyView.swift */ = {isa = PBXFileReference; fileEncoding = 4; lastKnownFileType = sourcecode.swift; path = historyView.swift; sourceTree = "<group>"; };
		7F29B2052B76A19100A55511 /* homePageDashboard.swift */ = {isa = PBXFileReference; fileEncoding = 4; lastKnownFileType = sourcecode.swift; path = homePageDashboard.swift; sourceTree = "<group>"; };
		7F29B2062B76A19100A55511 /* VehcileDetails_CarDetails.swift */ = {isa = PBXFileReference; fileEncoding = 4; lastKnownFileType = sourcecode.swift; path = VehcileDetails_CarDetails.swift; sourceTree = "<group>"; };
		7F29B2072B76A19100A55511 /* SecondView.swift */ = {isa = PBXFileReference; fileEncoding = 4; lastKnownFileType = sourcecode.swift; path = SecondView.swift; sourceTree = "<group>"; };
		7F29B2082B76A19100A55511 /* LaunchScreen.swift */ = {isa = PBXFileReference; fileEncoding = 4; lastKnownFileType = sourcecode.swift; path = LaunchScreen.swift; sourceTree = "<group>"; };
		7F29B2092B76A19100A55511 /* recordView.swift */ = {isa = PBXFileReference; fileEncoding = 4; lastKnownFileType = sourcecode.swift; path = recordView.swift; sourceTree = "<group>"; };
		7F29B20A2B76A19100A55511 /* privateVehicleDetails.swift */ = {isa = PBXFileReference; fileEncoding = 4; lastKnownFileType = sourcecode.swift; path = privateVehicleDetails.swift; sourceTree = "<group>"; };
		7F29B20B2B76A19100A55511 /* frequentlyUsedVehicles.swift */ = {isa = PBXFileReference; fileEncoding = 4; lastKnownFileType = sourcecode.swift; path = frequentlyUsedVehicles.swift; sourceTree = "<group>"; };
		7F29B20C2B76A19100A55511 /* OnboardingView.swift */ = {isa = PBXFileReference; fileEncoding = 4; lastKnownFileType = sourcecode.swift; path = OnboardingView.swift; sourceTree = "<group>"; };
		7F6C1F5B2B5510BF00CBEC53 /* Eco_Harbour_SwiftUI.app */ = {isa = PBXFileReference; explicitFileType = wrapper.application; includeInIndex = 0; path = Eco_Harbour_SwiftUI.app; sourceTree = BUILT_PRODUCTS_DIR; };
		7F6C1F5E2B5510BF00CBEC53 /* Eco_Harbour_SwiftUIApp.swift */ = {isa = PBXFileReference; lastKnownFileType = sourcecode.swift; path = Eco_Harbour_SwiftUIApp.swift; sourceTree = "<group>"; };
		7F6C1F602B5510BF00CBEC53 /* ContentView.swift */ = {isa = PBXFileReference; lastKnownFileType = sourcecode.swift; path = ContentView.swift; sourceTree = "<group>"; };
		7F6C1F622B5510C000CBEC53 /* Assets.xcassets */ = {isa = PBXFileReference; lastKnownFileType = folder.assetcatalog; path = Assets.xcassets; sourceTree = "<group>"; };
		7F6C1F652B5510C000CBEC53 /* Preview Assets.xcassets */ = {isa = PBXFileReference; lastKnownFileType = folder.assetcatalog; path = "Preview Assets.xcassets"; sourceTree = "<group>"; };
		7F6C1F6B2B5510C000CBEC53 /* Eco_Harbour_SwiftUITests.xctest */ = {isa = PBXFileReference; explicitFileType = wrapper.cfbundle; includeInIndex = 0; path = Eco_Harbour_SwiftUITests.xctest; sourceTree = BUILT_PRODUCTS_DIR; };
		7F6C1F6F2B5510C000CBEC53 /* Eco_Harbour_SwiftUITests.swift */ = {isa = PBXFileReference; lastKnownFileType = sourcecode.swift; path = Eco_Harbour_SwiftUITests.swift; sourceTree = "<group>"; };
		7F6C1F752B5510C000CBEC53 /* Eco_Harbour_SwiftUIUITests.xctest */ = {isa = PBXFileReference; explicitFileType = wrapper.cfbundle; includeInIndex = 0; path = Eco_Harbour_SwiftUIUITests.xctest; sourceTree = BUILT_PRODUCTS_DIR; };
		7F6C1F792B5510C000CBEC53 /* Eco_Harbour_SwiftUIUITests.swift */ = {isa = PBXFileReference; lastKnownFileType = sourcecode.swift; path = Eco_Harbour_SwiftUIUITests.swift; sourceTree = "<group>"; };
		7F6C1F7B2B5510C000CBEC53 /* Eco_Harbour_SwiftUIUITestsLaunchTests.swift */ = {isa = PBXFileReference; lastKnownFileType = sourcecode.swift; path = Eco_Harbour_SwiftUIUITestsLaunchTests.swift; sourceTree = "<group>"; };
		7FA3AE362BA6A7CD0091CF45 /* SignInEmailView.swift */ = {isa = PBXFileReference; lastKnownFileType = sourcecode.swift; path = SignInEmailView.swift; sourceTree = "<group>"; };
		7FA3AE402BA83B6B0091CF45 /* SettingsViewModel.swift */ = {isa = PBXFileReference; lastKnownFileType = sourcecode.swift; path = SettingsViewModel.swift; sourceTree = "<group>"; };
		7FA3AE422BA83B9D0091CF45 /* AuthenticationViewModel.swift */ = {isa = PBXFileReference; lastKnownFileType = sourcecode.swift; path = AuthenticationViewModel.swift; sourceTree = "<group>"; };
		7FA3AE442BA83BD60091CF45 /* SignUpEmailViewModel.swift */ = {isa = PBXFileReference; lastKnownFileType = sourcecode.swift; path = SignUpEmailViewModel.swift; sourceTree = "<group>"; };
		7FA3AE462BA83C000091CF45 /* SignInEmailViewModel.swift */ = {isa = PBXFileReference; lastKnownFileType = sourcecode.swift; path = SignInEmailViewModel.swift; sourceTree = "<group>"; };
		7FBB4B3B2B874F6400728A3D /* recordDailyRenderCategory.swift */ = {isa = PBXFileReference; lastKnownFileType = sourcecode.swift; path = recordDailyRenderCategory.swift; sourceTree = "<group>"; };
		7FBB4B3D2B8758F800728A3D /* historyVIEW demo.swift */ = {isa = PBXFileReference; lastKnownFileType = sourcecode.swift; path = "historyVIEW demo.swift"; sourceTree = "<group>"; };
		7FC0DED22B87C6A0002962BE /* Eco_Harbour_SwiftUI.entitlements */ = {isa = PBXFileReference; lastKnownFileType = text.plist.entitlements; path = Eco_Harbour_SwiftUI.entitlements; sourceTree = "<group>"; };
		7FC0DED32B8B84D5002962BE /* UserData.swift */ = {isa = PBXFileReference; lastKnownFileType = sourcecode.swift; path = UserData.swift; sourceTree = "<group>"; };
		7FC0DED52B8BBF4C002962BE /* DistanceViewModel.swift */ = {isa = PBXFileReference; lastKnownFileType = sourcecode.swift; path = DistanceViewModel.swift; sourceTree = "<group>"; };
		E3F24C922B9E444C00DA780D /* GoogleService-Info.plist */ = {isa = PBXFileReference; fileEncoding = 4; lastKnownFileType = text.plist.xml; path = "GoogleService-Info.plist"; sourceTree = "<group>"; };
		E3F24C9D2B9E4A8B00DA780D /* AuthenticationView.swift */ = {isa = PBXFileReference; lastKnownFileType = sourcecode.swift; path = AuthenticationView.swift; sourceTree = "<group>"; };
		E3F24CA12B9E4BBC00DA780D /* SignUpEmailView.swift */ = {isa = PBXFileReference; lastKnownFileType = sourcecode.swift; path = SignUpEmailView.swift; sourceTree = "<group>"; };
		E3F24CA32B9E4D5D00DA780D /* AuthenticationManager.swift */ = {isa = PBXFileReference; lastKnownFileType = sourcecode.swift; path = AuthenticationManager.swift; sourceTree = "<group>"; };
		E3F24CA52B9E558700DA780D /* RootView.swift */ = {isa = PBXFileReference; lastKnownFileType = sourcecode.swift; path = RootView.swift; sourceTree = "<group>"; };
		E3F24CA72B9E5B7300DA780D /* SettingsView.swift */ = {isa = PBXFileReference; lastKnownFileType = sourcecode.swift; path = SettingsView.swift; sourceTree = "<group>"; };
/* End PBXFileReference section */

/* Begin PBXFrameworksBuildPhase section */
		7F6C1F582B5510BF00CBEC53 /* Frameworks */ = {
			isa = PBXFrameworksBuildPhase;
			buildActionMask = 2147483647;
			files = (
				7FA3AE3B2BA838BD0091CF45 /* FirebaseFirestoreSwift in Frameworks */,
				E3F24C982B9E464300DA780D /* FirebaseAnalyticsSwift in Frameworks */,
				7FA3AE392BA838BD0091CF45 /* FirebaseFirestore in Frameworks */,
				E3F24C9B2B9E49C200DA780D /* FirebaseAuth in Frameworks */,
				E3F24C962B9E464300DA780D /* FirebaseAnalytics in Frameworks */,
			);
			runOnlyForDeploymentPostprocessing = 0;
		};
		7F6C1F682B5510C000CBEC53 /* Frameworks */ = {
			isa = PBXFrameworksBuildPhase;
			buildActionMask = 2147483647;
			files = (
			);
			runOnlyForDeploymentPostprocessing = 0;
		};
		7F6C1F722B5510C000CBEC53 /* Frameworks */ = {
			isa = PBXFrameworksBuildPhase;
			buildActionMask = 2147483647;
			files = (
			);
			runOnlyForDeploymentPostprocessing = 0;
		};
/* End PBXFrameworksBuildPhase section */

/* Begin PBXGroup section */
		7F6C1F522B5510BF00CBEC53 = {
			isa = PBXGroup;
			children = (
				7F6C1F5D2B5510BF00CBEC53 /* Eco_Harbour_SwiftUI */,
				7F6C1F6E2B5510C000CBEC53 /* Eco_Harbour_SwiftUITests */,
				7F6C1F782B5510C000CBEC53 /* Eco_Harbour_SwiftUIUITests */,
				7F6C1F5C2B5510BF00CBEC53 /* Products */,
				E3F24C992B9E468400DA780D /* Frameworks */,
			);
			sourceTree = "<group>";
		};
		7F6C1F5C2B5510BF00CBEC53 /* Products */ = {
			isa = PBXGroup;
			children = (
				7F6C1F5B2B5510BF00CBEC53 /* Eco_Harbour_SwiftUI.app */,
				7F6C1F6B2B5510C000CBEC53 /* Eco_Harbour_SwiftUITests.xctest */,
				7F6C1F752B5510C000CBEC53 /* Eco_Harbour_SwiftUIUITests.xctest */,
			);
			name = Products;
			sourceTree = "<group>";
		};
		7F6C1F5D2B5510BF00CBEC53 /* Eco_Harbour_SwiftUI */ = {
			isa = PBXGroup;
			children = (
				7FC0DED22B87C6A0002962BE /* Eco_Harbour_SwiftUI.entitlements */,
				7F29B2012B76A19100A55511 /* dashboardView.swift */,
				7F29B20B2B76A19100A55511 /* frequentlyUsedVehicles.swift */,
				7F29B2042B76A19100A55511 /* historyView.swift */,
				7FBB4B3D2B8758F800728A3D /* historyVIEW demo.swift */,
				7F29B2052B76A19100A55511 /* homePageDashboard.swift */,
				7FC0DED32B8B84D5002962BE /* UserData.swift */,
				7FC0DED52B8BBF4C002962BE /* DistanceViewModel.swift */,
				7F29B2082B76A19100A55511 /* LaunchScreen.swift */,
				7F29B2032B76A19100A55511 /* Login_Signup_Page.swift */,
				7F29B1FF2B76A19100A55511 /* manualFilling.swift */,
				7F29B20C2B76A19100A55511 /* OnboardingView.swift */,
				7F29B20A2B76A19100A55511 /* privateVehicleDetails.swift */,
				7F29B2092B76A19100A55511 /* recordView.swift */,
				7FBB4B3B2B874F6400728A3D /* recordDailyRenderCategory.swift */,
				7F29B2072B76A19100A55511 /* SecondView.swift */,
				7F29B1FE2B76A19100A55511 /* signup_page.swift */,
				7F29B2002B76A19100A55511 /* testing_code.swift */,
				7F29B2062B76A19100A55511 /* VehcileDetails_CarDetails.swift */,
				7F29B2022B76A19100A55511 /* VehicleDetails.swift */,
				7F29B1FC2B76A15500A55511 /* color.swift */,
				7F6C1F5E2B5510BF00CBEC53 /* Eco_Harbour_SwiftUIApp.swift */,
				7F6C1F602B5510BF00CBEC53 /* ContentView.swift */,
				7F6C1F622B5510C000CBEC53 /* Assets.xcassets */,
				7FA3AE3C2BA83A210091CF45 /* Core */,
				E3F24C9C2B9E4A2700DA780D /* Authentication */,
				E3F24C922B9E444C00DA780D /* GoogleService-Info.plist */,
				7F6C1F642B5510C000CBEC53 /* Preview Content */,
			);
			path = Eco_Harbour_SwiftUI;
			sourceTree = "<group>";
		};
		7F6C1F642B5510C000CBEC53 /* Preview Content */ = {
			isa = PBXGroup;
			children = (
				7F6C1F652B5510C000CBEC53 /* Preview Assets.xcassets */,
			);
			path = "Preview Content";
			sourceTree = "<group>";
		};
		7F6C1F6E2B5510C000CBEC53 /* Eco_Harbour_SwiftUITests */ = {
			isa = PBXGroup;
			children = (
				7F6C1F6F2B5510C000CBEC53 /* Eco_Harbour_SwiftUITests.swift */,
			);
			path = Eco_Harbour_SwiftUITests;
			sourceTree = "<group>";
		};
		7F6C1F782B5510C000CBEC53 /* Eco_Harbour_SwiftUIUITests */ = {
			isa = PBXGroup;
			children = (
				7F6C1F792B5510C000CBEC53 /* Eco_Harbour_SwiftUIUITests.swift */,
				7F6C1F7B2B5510C000CBEC53 /* Eco_Harbour_SwiftUIUITestsLaunchTests.swift */,
			);
			path = Eco_Harbour_SwiftUIUITests;
			sourceTree = "<group>";
		};
		7FA3AE3C2BA83A210091CF45 /* Core */ = {
			isa = PBXGroup;
			children = (
				E3F24CA52B9E558700DA780D /* RootView.swift */,
				7FA3AE3E2BA83A990091CF45 /* Settings */,
				7FA3AE3D2BA83A720091CF45 /* Authentication */,
			);
			path = Core;
			sourceTree = "<group>";
		};
		7FA3AE3D2BA83A720091CF45 /* Authentication */ = {
			isa = PBXGroup;
			children = (
				E3F24C9D2B9E4A8B00DA780D /* AuthenticationView.swift */,
				7FA3AE422BA83B9D0091CF45 /* AuthenticationViewModel.swift */,
				7FA3AE3F2BA83AA90091CF45 /* Subviews */,
			);
			path = Authentication;
			sourceTree = "<group>";
		};
		7FA3AE3E2BA83A990091CF45 /* Settings */ = {
			isa = PBXGroup;
			children = (
				E3F24CA72B9E5B7300DA780D /* SettingsView.swift */,
				7FA3AE402BA83B6B0091CF45 /* SettingsViewModel.swift */,
			);
			path = Settings;
			sourceTree = "<group>";
		};
		7FA3AE3F2BA83AA90091CF45 /* Subviews */ = {
			isa = PBXGroup;
			children = (
				E3F24CA12B9E4BBC00DA780D /* SignUpEmailView.swift */,
				7FA3AE442BA83BD60091CF45 /* SignUpEmailViewModel.swift */,
				7FA3AE362BA6A7CD0091CF45 /* SignInEmailView.swift */,
				7FA3AE462BA83C000091CF45 /* SignInEmailViewModel.swift */,
			);
			path = Subviews;
			sourceTree = "<group>";
		};
		E3F24C992B9E468400DA780D /* Frameworks */ = {
			isa = PBXGroup;
			children = (
			);
			name = Frameworks;
			sourceTree = "<group>";
		};
		E3F24C9C2B9E4A2700DA780D /* Authentication */ = {
			isa = PBXGroup;
			children = (
				E3F24CA32B9E4D5D00DA780D /* AuthenticationManager.swift */,
			);
			path = Authentication;
			sourceTree = "<group>";
		};
/* End PBXGroup section */

/* Begin PBXNativeTarget section */
		7F6C1F5A2B5510BF00CBEC53 /* Eco_Harbour_SwiftUI */ = {
			isa = PBXNativeTarget;
			buildConfigurationList = 7F6C1F7F2B5510C000CBEC53 /* Build configuration list for PBXNativeTarget "Eco_Harbour_SwiftUI" */;
			buildPhases = (
				7F6C1F572B5510BF00CBEC53 /* Sources */,
				7F6C1F582B5510BF00CBEC53 /* Frameworks */,
				7F6C1F592B5510BF00CBEC53 /* Resources */,
			);
			buildRules = (
			);
			dependencies = (
			);
			name = Eco_Harbour_SwiftUI;
			packageProductDependencies = (
				E3F24C952B9E464300DA780D /* FirebaseAnalytics */,
				E3F24C972B9E464300DA780D /* FirebaseAnalyticsSwift */,
				E3F24C9A2B9E49C200DA780D /* FirebaseAuth */,
				7FA3AE382BA838BD0091CF45 /* FirebaseFirestore */,
				7FA3AE3A2BA838BD0091CF45 /* FirebaseFirestoreSwift */,
			);
			productName = Eco_Harbour_SwiftUI;
			productReference = 7F6C1F5B2B5510BF00CBEC53 /* Eco_Harbour_SwiftUI.app */;
			productType = "com.apple.product-type.application";
		};
		7F6C1F6A2B5510C000CBEC53 /* Eco_Harbour_SwiftUITests */ = {
			isa = PBXNativeTarget;
			buildConfigurationList = 7F6C1F822B5510C000CBEC53 /* Build configuration list for PBXNativeTarget "Eco_Harbour_SwiftUITests" */;
			buildPhases = (
				7F6C1F672B5510C000CBEC53 /* Sources */,
				7F6C1F682B5510C000CBEC53 /* Frameworks */,
				7F6C1F692B5510C000CBEC53 /* Resources */,
			);
			buildRules = (
			);
			dependencies = (
				7F6C1F6D2B5510C000CBEC53 /* PBXTargetDependency */,
			);
			name = Eco_Harbour_SwiftUITests;
			productName = Eco_Harbour_SwiftUITests;
			productReference = 7F6C1F6B2B5510C000CBEC53 /* Eco_Harbour_SwiftUITests.xctest */;
			productType = "com.apple.product-type.bundle.unit-test";
		};
		7F6C1F742B5510C000CBEC53 /* Eco_Harbour_SwiftUIUITests */ = {
			isa = PBXNativeTarget;
			buildConfigurationList = 7F6C1F852B5510C000CBEC53 /* Build configuration list for PBXNativeTarget "Eco_Harbour_SwiftUIUITests" */;
			buildPhases = (
				7F6C1F712B5510C000CBEC53 /* Sources */,
				7F6C1F722B5510C000CBEC53 /* Frameworks */,
				7F6C1F732B5510C000CBEC53 /* Resources */,
			);
			buildRules = (
			);
			dependencies = (
				7F6C1F772B5510C000CBEC53 /* PBXTargetDependency */,
			);
			name = Eco_Harbour_SwiftUIUITests;
			productName = Eco_Harbour_SwiftUIUITests;
			productReference = 7F6C1F752B5510C000CBEC53 /* Eco_Harbour_SwiftUIUITests.xctest */;
			productType = "com.apple.product-type.bundle.ui-testing";
		};
/* End PBXNativeTarget section */

/* Begin PBXProject section */
		7F6C1F532B5510BF00CBEC53 /* Project object */ = {
			isa = PBXProject;
			attributes = {
				BuildIndependentTargetsInParallel = 1;
				LastSwiftUpdateCheck = 1510;
				LastUpgradeCheck = 1510;
				TargetAttributes = {
					7F6C1F5A2B5510BF00CBEC53 = {
						CreatedOnToolsVersion = 15.1;
					};
					7F6C1F6A2B5510C000CBEC53 = {
						CreatedOnToolsVersion = 15.1;
						TestTargetID = 7F6C1F5A2B5510BF00CBEC53;
					};
					7F6C1F742B5510C000CBEC53 = {
						CreatedOnToolsVersion = 15.1;
						TestTargetID = 7F6C1F5A2B5510BF00CBEC53;
					};
				};
			};
			buildConfigurationList = 7F6C1F562B5510BF00CBEC53 /* Build configuration list for PBXProject "Eco_Harbour_SwiftUI" */;
			compatibilityVersion = "Xcode 14.0";
			developmentRegion = en;
			hasScannedForEncodings = 0;
			knownRegions = (
				en,
				Base,
			);
			mainGroup = 7F6C1F522B5510BF00CBEC53;
			packageReferences = (
				E3F24C942B9E464300DA780D /* XCRemoteSwiftPackageReference "firebase-ios-sdk" */,
			);
			productRefGroup = 7F6C1F5C2B5510BF00CBEC53 /* Products */;
			projectDirPath = "";
			projectRoot = "";
			targets = (
				7F6C1F5A2B5510BF00CBEC53 /* Eco_Harbour_SwiftUI */,
				7F6C1F6A2B5510C000CBEC53 /* Eco_Harbour_SwiftUITests */,
				7F6C1F742B5510C000CBEC53 /* Eco_Harbour_SwiftUIUITests */,
			);
		};
/* End PBXProject section */

/* Begin PBXResourcesBuildPhase section */
		7F6C1F592B5510BF00CBEC53 /* Resources */ = {
			isa = PBXResourcesBuildPhase;
			buildActionMask = 2147483647;
			files = (
				7F6C1F662B5510C000CBEC53 /* Preview Assets.xcassets in Resources */,
				7F6C1F632B5510C000CBEC53 /* Assets.xcassets in Resources */,
				E3F24C932B9E444C00DA780D /* GoogleService-Info.plist in Resources */,
			);
			runOnlyForDeploymentPostprocessing = 0;
		};
		7F6C1F692B5510C000CBEC53 /* Resources */ = {
			isa = PBXResourcesBuildPhase;
			buildActionMask = 2147483647;
			files = (
			);
			runOnlyForDeploymentPostprocessing = 0;
		};
		7F6C1F732B5510C000CBEC53 /* Resources */ = {
			isa = PBXResourcesBuildPhase;
			buildActionMask = 2147483647;
			files = (
			);
			runOnlyForDeploymentPostprocessing = 0;
		};
/* End PBXResourcesBuildPhase section */

/* Begin PBXSourcesBuildPhase section */
		7F6C1F572B5510BF00CBEC53 /* Sources */ = {
			isa = PBXSourcesBuildPhase;
			buildActionMask = 2147483647;
			files = (
				7F29B2172B76A19100A55511 /* LaunchScreen.swift in Sources */,
				7F29B20E2B76A19100A55511 /* manualFilling.swift in Sources */,
				7F29B1FD2B76A15500A55511 /* color.swift in Sources */,
				7FBB4B3E2B8758F800728A3D /* historyVIEW demo.swift in Sources */,
				7F29B21B2B76A19100A55511 /* OnboardingView.swift in Sources */,
				7F6C1F612B5510BF00CBEC53 /* ContentView.swift in Sources */,
				7FA3AE432BA83B9D0091CF45 /* AuthenticationViewModel.swift in Sources */,
				7F29B2152B76A19100A55511 /* VehcileDetails_CarDetails.swift in Sources */,
				7F29B2102B76A19100A55511 /* dashboardView.swift in Sources */,
				7F29B20F2B76A19100A55511 /* testing_code.swift in Sources */,
				7FC0DED42B8B84D5002962BE /* UserData.swift in Sources */,
				7F29B2192B76A19100A55511 /* privateVehicleDetails.swift in Sources */,
				7FA3AE452BA83BD60091CF45 /* SignUpEmailViewModel.swift in Sources */,
				7F29B2142B76A19100A55511 /* homePageDashboard.swift in Sources */,
				7F29B2182B76A19100A55511 /* recordView.swift in Sources */,
				E3F24CA42B9E4D5D00DA780D /* AuthenticationManager.swift in Sources */,
				7F29B21A2B76A19100A55511 /* frequentlyUsedVehicles.swift in Sources */,
				7FA3AE472BA83C000091CF45 /* SignInEmailViewModel.swift in Sources */,
				7FBB4B3C2B874F6400728A3D /* recordDailyRenderCategory.swift in Sources */,
				7FA3AE412BA83B6B0091CF45 /* SettingsViewModel.swift in Sources */,
				7F29B2112B76A19100A55511 /* VehicleDetails.swift in Sources */,
				7F29B20D2B76A19100A55511 /* signup_page.swift in Sources */,
				7FC0DED62B8BBF4C002962BE /* DistanceViewModel.swift in Sources */,
				E3F24C9E2B9E4A8B00DA780D /* AuthenticationView.swift in Sources */,
				E3F24CA22B9E4BBC00DA780D /* SignUpEmailView.swift in Sources */,
				E3F24CA82B9E5B7300DA780D /* SettingsView.swift in Sources */,
				7F29B2132B76A19100A55511 /* historyView.swift in Sources */,
				E3F24CA62B9E558700DA780D /* RootView.swift in Sources */,
				7F29B2162B76A19100A55511 /* SecondView.swift in Sources */,
				7F29B2122B76A19100A55511 /* Login_Signup_Page.swift in Sources */,
				7F6C1F5F2B5510BF00CBEC53 /* Eco_Harbour_SwiftUIApp.swift in Sources */,
				7FA3AE372BA6A7CD0091CF45 /* SignInEmailView.swift in Sources */,
			);
			runOnlyForDeploymentPostprocessing = 0;
		};
		7F6C1F672B5510C000CBEC53 /* Sources */ = {
			isa = PBXSourcesBuildPhase;
			buildActionMask = 2147483647;
			files = (
				7F6C1F702B5510C000CBEC53 /* Eco_Harbour_SwiftUITests.swift in Sources */,
			);
			runOnlyForDeploymentPostprocessing = 0;
		};
		7F6C1F712B5510C000CBEC53 /* Sources */ = {
			isa = PBXSourcesBuildPhase;
			buildActionMask = 2147483647;
			files = (
				7F6C1F7C2B5510C000CBEC53 /* Eco_Harbour_SwiftUIUITestsLaunchTests.swift in Sources */,
				7F6C1F7A2B5510C000CBEC53 /* Eco_Harbour_SwiftUIUITests.swift in Sources */,
			);
			runOnlyForDeploymentPostprocessing = 0;
		};
/* End PBXSourcesBuildPhase section */

/* Begin PBXTargetDependency section */
		7F6C1F6D2B5510C000CBEC53 /* PBXTargetDependency */ = {
			isa = PBXTargetDependency;
			target = 7F6C1F5A2B5510BF00CBEC53 /* Eco_Harbour_SwiftUI */;
			targetProxy = 7F6C1F6C2B5510C000CBEC53 /* PBXContainerItemProxy */;
		};
		7F6C1F772B5510C000CBEC53 /* PBXTargetDependency */ = {
			isa = PBXTargetDependency;
			target = 7F6C1F5A2B5510BF00CBEC53 /* Eco_Harbour_SwiftUI */;
			targetProxy = 7F6C1F762B5510C000CBEC53 /* PBXContainerItemProxy */;
		};
/* End PBXTargetDependency section */

/* Begin XCBuildConfiguration section */
		7F6C1F7D2B5510C000CBEC53 /* Debug */ = {
			isa = XCBuildConfiguration;
			buildSettings = {
				ALWAYS_SEARCH_USER_PATHS = NO;
				ASSETCATALOG_COMPILER_GENERATE_SWIFT_ASSET_SYMBOL_EXTENSIONS = YES;
				CLANG_ANALYZER_NONNULL = YES;
				CLANG_ANALYZER_NUMBER_OBJECT_CONVERSION = YES_AGGRESSIVE;
				CLANG_CXX_LANGUAGE_STANDARD = "gnu++20";
				CLANG_ENABLE_MODULES = YES;
				CLANG_ENABLE_OBJC_ARC = YES;
				CLANG_ENABLE_OBJC_WEAK = YES;
				CLANG_WARN_BLOCK_CAPTURE_AUTORELEASING = YES;
				CLANG_WARN_BOOL_CONVERSION = YES;
				CLANG_WARN_COMMA = YES;
				CLANG_WARN_CONSTANT_CONVERSION = YES;
				CLANG_WARN_DEPRECATED_OBJC_IMPLEMENTATIONS = YES;
				CLANG_WARN_DIRECT_OBJC_ISA_USAGE = YES_ERROR;
				CLANG_WARN_DOCUMENTATION_COMMENTS = YES;
				CLANG_WARN_EMPTY_BODY = YES;
				CLANG_WARN_ENUM_CONVERSION = YES;
				CLANG_WARN_INFINITE_RECURSION = YES;
				CLANG_WARN_INT_CONVERSION = YES;
				CLANG_WARN_NON_LITERAL_NULL_CONVERSION = YES;
				CLANG_WARN_OBJC_IMPLICIT_RETAIN_SELF = YES;
				CLANG_WARN_OBJC_LITERAL_CONVERSION = YES;
				CLANG_WARN_OBJC_ROOT_CLASS = YES_ERROR;
				CLANG_WARN_QUOTED_INCLUDE_IN_FRAMEWORK_HEADER = YES;
				CLANG_WARN_RANGE_LOOP_ANALYSIS = YES;
				CLANG_WARN_STRICT_PROTOTYPES = YES;
				CLANG_WARN_SUSPICIOUS_MOVE = YES;
				CLANG_WARN_UNGUARDED_AVAILABILITY = YES_AGGRESSIVE;
				CLANG_WARN_UNREACHABLE_CODE = YES;
				CLANG_WARN__DUPLICATE_METHOD_MATCH = YES;
				COPY_PHASE_STRIP = NO;
				DEBUG_INFORMATION_FORMAT = dwarf;
				ENABLE_STRICT_OBJC_MSGSEND = YES;
				ENABLE_TESTABILITY = YES;
				ENABLE_USER_SCRIPT_SANDBOXING = YES;
				GCC_C_LANGUAGE_STANDARD = gnu17;
				GCC_DYNAMIC_NO_PIC = NO;
				GCC_NO_COMMON_BLOCKS = YES;
				GCC_OPTIMIZATION_LEVEL = 0;
				GCC_PREPROCESSOR_DEFINITIONS = (
					"DEBUG=1",
					"$(inherited)",
				);
				GCC_WARN_64_TO_32_BIT_CONVERSION = YES;
				GCC_WARN_ABOUT_RETURN_TYPE = YES_ERROR;
				GCC_WARN_UNDECLARED_SELECTOR = YES;
				GCC_WARN_UNINITIALIZED_AUTOS = YES_AGGRESSIVE;
				GCC_WARN_UNUSED_FUNCTION = YES;
				GCC_WARN_UNUSED_VARIABLE = YES;
				IPHONEOS_DEPLOYMENT_TARGET = 17.2;
				LOCALIZATION_PREFERS_STRING_CATALOGS = YES;
				MTL_ENABLE_DEBUG_INFO = INCLUDE_SOURCE;
				MTL_FAST_MATH = YES;
				ONLY_ACTIVE_ARCH = YES;
				SDKROOT = iphoneos;
				SWIFT_ACTIVE_COMPILATION_CONDITIONS = "DEBUG $(inherited)";
				SWIFT_OPTIMIZATION_LEVEL = "-Onone";
			};
			name = Debug;
		};
		7F6C1F7E2B5510C000CBEC53 /* Release */ = {
			isa = XCBuildConfiguration;
			buildSettings = {
				ALWAYS_SEARCH_USER_PATHS = NO;
				ASSETCATALOG_COMPILER_GENERATE_SWIFT_ASSET_SYMBOL_EXTENSIONS = YES;
				CLANG_ANALYZER_NONNULL = YES;
				CLANG_ANALYZER_NUMBER_OBJECT_CONVERSION = YES_AGGRESSIVE;
				CLANG_CXX_LANGUAGE_STANDARD = "gnu++20";
				CLANG_ENABLE_MODULES = YES;
				CLANG_ENABLE_OBJC_ARC = YES;
				CLANG_ENABLE_OBJC_WEAK = YES;
				CLANG_WARN_BLOCK_CAPTURE_AUTORELEASING = YES;
				CLANG_WARN_BOOL_CONVERSION = YES;
				CLANG_WARN_COMMA = YES;
				CLANG_WARN_CONSTANT_CONVERSION = YES;
				CLANG_WARN_DEPRECATED_OBJC_IMPLEMENTATIONS = YES;
				CLANG_WARN_DIRECT_OBJC_ISA_USAGE = YES_ERROR;
				CLANG_WARN_DOCUMENTATION_COMMENTS = YES;
				CLANG_WARN_EMPTY_BODY = YES;
				CLANG_WARN_ENUM_CONVERSION = YES;
				CLANG_WARN_INFINITE_RECURSION = YES;
				CLANG_WARN_INT_CONVERSION = YES;
				CLANG_WARN_NON_LITERAL_NULL_CONVERSION = YES;
				CLANG_WARN_OBJC_IMPLICIT_RETAIN_SELF = YES;
				CLANG_WARN_OBJC_LITERAL_CONVERSION = YES;
				CLANG_WARN_OBJC_ROOT_CLASS = YES_ERROR;
				CLANG_WARN_QUOTED_INCLUDE_IN_FRAMEWORK_HEADER = YES;
				CLANG_WARN_RANGE_LOOP_ANALYSIS = YES;
				CLANG_WARN_STRICT_PROTOTYPES = YES;
				CLANG_WARN_SUSPICIOUS_MOVE = YES;
				CLANG_WARN_UNGUARDED_AVAILABILITY = YES_AGGRESSIVE;
				CLANG_WARN_UNREACHABLE_CODE = YES;
				CLANG_WARN__DUPLICATE_METHOD_MATCH = YES;
				COPY_PHASE_STRIP = NO;
				DEBUG_INFORMATION_FORMAT = "dwarf-with-dsym";
				ENABLE_NS_ASSERTIONS = NO;
				ENABLE_STRICT_OBJC_MSGSEND = YES;
				ENABLE_USER_SCRIPT_SANDBOXING = YES;
				GCC_C_LANGUAGE_STANDARD = gnu17;
				GCC_NO_COMMON_BLOCKS = YES;
				GCC_WARN_64_TO_32_BIT_CONVERSION = YES;
				GCC_WARN_ABOUT_RETURN_TYPE = YES_ERROR;
				GCC_WARN_UNDECLARED_SELECTOR = YES;
				GCC_WARN_UNINITIALIZED_AUTOS = YES_AGGRESSIVE;
				GCC_WARN_UNUSED_FUNCTION = YES;
				GCC_WARN_UNUSED_VARIABLE = YES;
				IPHONEOS_DEPLOYMENT_TARGET = 17.2;
				LOCALIZATION_PREFERS_STRING_CATALOGS = YES;
				MTL_ENABLE_DEBUG_INFO = NO;
				MTL_FAST_MATH = YES;
				SDKROOT = iphoneos;
				SWIFT_COMPILATION_MODE = wholemodule;
				VALIDATE_PRODUCT = YES;
			};
			name = Release;
		};
		7F6C1F802B5510C000CBEC53 /* Debug */ = {
			isa = XCBuildConfiguration;
			buildSettings = {
				ASSETCATALOG_COMPILER_APPICON_NAME = AppIcon;
				ASSETCATALOG_COMPILER_GLOBAL_ACCENT_COLOR_NAME = AccentColor;
				CODE_SIGN_ENTITLEMENTS = Eco_Harbour_SwiftUI/Eco_Harbour_SwiftUI.entitlements;
				CODE_SIGN_STYLE = Automatic;
				CURRENT_PROJECT_VERSION = 1;
				DEVELOPMENT_ASSET_PATHS = "\"Eco_Harbour_SwiftUI/Preview Content\"";
				DEVELOPMENT_TEAM = L929W64TU4;
				ENABLE_PREVIEWS = YES;
				GENERATE_INFOPLIST_FILE = YES;
				INFOPLIST_KEY_UIApplicationSceneManifest_Generation = YES;
				INFOPLIST_KEY_UIApplicationSupportsIndirectInputEvents = YES;
				INFOPLIST_KEY_UILaunchScreen_Generation = YES;
				INFOPLIST_KEY_UISupportedInterfaceOrientations_iPad = "UIInterfaceOrientationPortrait UIInterfaceOrientationPortraitUpsideDown UIInterfaceOrientationLandscapeLeft UIInterfaceOrientationLandscapeRight";
				INFOPLIST_KEY_UISupportedInterfaceOrientations_iPhone = "UIInterfaceOrientationPortrait UIInterfaceOrientationLandscapeLeft UIInterfaceOrientationLandscapeRight";
				LD_RUNPATH_SEARCH_PATHS = (
					"$(inherited)",
					"@executable_path/Frameworks",
				);
				MARKETING_VERSION = 1.0;
				PRODUCT_BUNDLE_IDENTIFIER = "EcoHarbour.Eco-Harbour-SwiftUI";
				PRODUCT_NAME = "$(TARGET_NAME)";
				SWIFT_EMIT_LOC_STRINGS = YES;
				SWIFT_VERSION = 5.0;
				TARGETED_DEVICE_FAMILY = "1,2";
			};
			name = Debug;
		};
		7F6C1F812B5510C000CBEC53 /* Release */ = {
			isa = XCBuildConfiguration;
			buildSettings = {
				ASSETCATALOG_COMPILER_APPICON_NAME = AppIcon;
				ASSETCATALOG_COMPILER_GLOBAL_ACCENT_COLOR_NAME = AccentColor;
				CODE_SIGN_ENTITLEMENTS = Eco_Harbour_SwiftUI/Eco_Harbour_SwiftUI.entitlements;
				CODE_SIGN_STYLE = Automatic;
				CURRENT_PROJECT_VERSION = 1;
				DEVELOPMENT_ASSET_PATHS = "\"Eco_Harbour_SwiftUI/Preview Content\"";
				DEVELOPMENT_TEAM = L929W64TU4;
				ENABLE_PREVIEWS = YES;
				GENERATE_INFOPLIST_FILE = YES;
				INFOPLIST_KEY_UIApplicationSceneManifest_Generation = YES;
				INFOPLIST_KEY_UIApplicationSupportsIndirectInputEvents = YES;
				INFOPLIST_KEY_UILaunchScreen_Generation = YES;
				INFOPLIST_KEY_UISupportedInterfaceOrientations_iPad = "UIInterfaceOrientationPortrait UIInterfaceOrientationPortraitUpsideDown UIInterfaceOrientationLandscapeLeft UIInterfaceOrientationLandscapeRight";
				INFOPLIST_KEY_UISupportedInterfaceOrientations_iPhone = "UIInterfaceOrientationPortrait UIInterfaceOrientationLandscapeLeft UIInterfaceOrientationLandscapeRight";
				LD_RUNPATH_SEARCH_PATHS = (
					"$(inherited)",
					"@executable_path/Frameworks",
				);
				MARKETING_VERSION = 1.0;
				PRODUCT_BUNDLE_IDENTIFIER = "EcoHarbour.Eco-Harbour-SwiftUI";
				PRODUCT_NAME = "$(TARGET_NAME)";
				SWIFT_EMIT_LOC_STRINGS = YES;
				SWIFT_VERSION = 5.0;
				TARGETED_DEVICE_FAMILY = "1,2";
			};
			name = Release;
		};
		7F6C1F832B5510C000CBEC53 /* Debug */ = {
			isa = XCBuildConfiguration;
			buildSettings = {
				ALWAYS_EMBED_SWIFT_STANDARD_LIBRARIES = YES;
				BUNDLE_LOADER = "$(TEST_HOST)";
				CODE_SIGN_STYLE = Automatic;
				CURRENT_PROJECT_VERSION = 1;
				GENERATE_INFOPLIST_FILE = YES;
				IPHONEOS_DEPLOYMENT_TARGET = 17.2;
				MARKETING_VERSION = 1.0;
				PRODUCT_BUNDLE_IDENTIFIER = "EcoHarbour.Eco-Harbour-SwiftUITests";
				PRODUCT_NAME = "$(TARGET_NAME)";
				SWIFT_EMIT_LOC_STRINGS = NO;
				SWIFT_VERSION = 5.0;
				TARGETED_DEVICE_FAMILY = "1,2";
				TEST_HOST = "$(BUILT_PRODUCTS_DIR)/Eco_Harbour_SwiftUI.app/$(BUNDLE_EXECUTABLE_FOLDER_PATH)/Eco_Harbour_SwiftUI";
			};
			name = Debug;
		};
		7F6C1F842B5510C000CBEC53 /* Release */ = {
			isa = XCBuildConfiguration;
			buildSettings = {
				ALWAYS_EMBED_SWIFT_STANDARD_LIBRARIES = YES;
				BUNDLE_LOADER = "$(TEST_HOST)";
				CODE_SIGN_STYLE = Automatic;
				CURRENT_PROJECT_VERSION = 1;
				GENERATE_INFOPLIST_FILE = YES;
				IPHONEOS_DEPLOYMENT_TARGET = 17.2;
				MARKETING_VERSION = 1.0;
				PRODUCT_BUNDLE_IDENTIFIER = "EcoHarbour.Eco-Harbour-SwiftUITests";
				PRODUCT_NAME = "$(TARGET_NAME)";
				SWIFT_EMIT_LOC_STRINGS = NO;
				SWIFT_VERSION = 5.0;
				TARGETED_DEVICE_FAMILY = "1,2";
				TEST_HOST = "$(BUILT_PRODUCTS_DIR)/Eco_Harbour_SwiftUI.app/$(BUNDLE_EXECUTABLE_FOLDER_PATH)/Eco_Harbour_SwiftUI";
			};
			name = Release;
		};
		7F6C1F862B5510C000CBEC53 /* Debug */ = {
			isa = XCBuildConfiguration;
			buildSettings = {
				ALWAYS_EMBED_SWIFT_STANDARD_LIBRARIES = YES;
				CODE_SIGN_STYLE = Automatic;
				CURRENT_PROJECT_VERSION = 1;
				GENERATE_INFOPLIST_FILE = YES;
				MARKETING_VERSION = 1.0;
				PRODUCT_BUNDLE_IDENTIFIER = "EcoHarbour.Eco-Harbour-SwiftUIUITests";
				PRODUCT_NAME = "$(TARGET_NAME)";
				SWIFT_EMIT_LOC_STRINGS = NO;
				SWIFT_VERSION = 5.0;
				TARGETED_DEVICE_FAMILY = "1,2";
				TEST_TARGET_NAME = Eco_Harbour_SwiftUI;
			};
			name = Debug;
		};
		7F6C1F872B5510C000CBEC53 /* Release */ = {
			isa = XCBuildConfiguration;
			buildSettings = {
				ALWAYS_EMBED_SWIFT_STANDARD_LIBRARIES = YES;
				CODE_SIGN_STYLE = Automatic;
				CURRENT_PROJECT_VERSION = 1;
				GENERATE_INFOPLIST_FILE = YES;
				MARKETING_VERSION = 1.0;
				PRODUCT_BUNDLE_IDENTIFIER = "EcoHarbour.Eco-Harbour-SwiftUIUITests";
				PRODUCT_NAME = "$(TARGET_NAME)";
				SWIFT_EMIT_LOC_STRINGS = NO;
				SWIFT_VERSION = 5.0;
				TARGETED_DEVICE_FAMILY = "1,2";
				TEST_TARGET_NAME = Eco_Harbour_SwiftUI;
			};
			name = Release;
		};
/* End XCBuildConfiguration section */

/* Begin XCConfigurationList section */
		7F6C1F562B5510BF00CBEC53 /* Build configuration list for PBXProject "Eco_Harbour_SwiftUI" */ = {
			isa = XCConfigurationList;
			buildConfigurations = (
				7F6C1F7D2B5510C000CBEC53 /* Debug */,
				7F6C1F7E2B5510C000CBEC53 /* Release */,
			);
			defaultConfigurationIsVisible = 0;
			defaultConfigurationName = Release;
		};
		7F6C1F7F2B5510C000CBEC53 /* Build configuration list for PBXNativeTarget "Eco_Harbour_SwiftUI" */ = {
			isa = XCConfigurationList;
			buildConfigurations = (
				7F6C1F802B5510C000CBEC53 /* Debug */,
				7F6C1F812B5510C000CBEC53 /* Release */,
			);
			defaultConfigurationIsVisible = 0;
			defaultConfigurationName = Release;
		};
		7F6C1F822B5510C000CBEC53 /* Build configuration list for PBXNativeTarget "Eco_Harbour_SwiftUITests" */ = {
			isa = XCConfigurationList;
			buildConfigurations = (
				7F6C1F832B5510C000CBEC53 /* Debug */,
				7F6C1F842B5510C000CBEC53 /* Release */,
			);
			defaultConfigurationIsVisible = 0;
			defaultConfigurationName = Release;
		};
		7F6C1F852B5510C000CBEC53 /* Build configuration list for PBXNativeTarget "Eco_Harbour_SwiftUIUITests" */ = {
			isa = XCConfigurationList;
			buildConfigurations = (
				7F6C1F862B5510C000CBEC53 /* Debug */,
				7F6C1F872B5510C000CBEC53 /* Release */,
			);
			defaultConfigurationIsVisible = 0;
			defaultConfigurationName = Release;
		};
/* End XCConfigurationList section */

/* Begin XCRemoteSwiftPackageReference section */
		E3F24C942B9E464300DA780D /* XCRemoteSwiftPackageReference "firebase-ios-sdk" */ = {
			isa = XCRemoteSwiftPackageReference;
			repositoryURL = "https://github.com/firebase/firebase-ios-sdk.git";
			requirement = {
				kind = upToNextMajorVersion;
				minimumVersion = 10.22.1;
			};
		};
/* End XCRemoteSwiftPackageReference section */

/* Begin XCSwiftPackageProductDependency section */
		7FA3AE382BA838BD0091CF45 /* FirebaseFirestore */ = {
			isa = XCSwiftPackageProductDependency;
			package = E3F24C942B9E464300DA780D /* XCRemoteSwiftPackageReference "firebase-ios-sdk" */;
			productName = FirebaseFirestore;
		};
		7FA3AE3A2BA838BD0091CF45 /* FirebaseFirestoreSwift */ = {
			isa = XCSwiftPackageProductDependency;
			package = E3F24C942B9E464300DA780D /* XCRemoteSwiftPackageReference "firebase-ios-sdk" */;
			productName = FirebaseFirestoreSwift;
		};
		E3F24C952B9E464300DA780D /* FirebaseAnalytics */ = {
			isa = XCSwiftPackageProductDependency;
			package = E3F24C942B9E464300DA780D /* XCRemoteSwiftPackageReference "firebase-ios-sdk" */;
			productName = FirebaseAnalytics;
		};
		E3F24C972B9E464300DA780D /* FirebaseAnalyticsSwift */ = {
			isa = XCSwiftPackageProductDependency;
			package = E3F24C942B9E464300DA780D /* XCRemoteSwiftPackageReference "firebase-ios-sdk" */;
			productName = FirebaseAnalyticsSwift;
		};
		E3F24C9A2B9E49C200DA780D /* FirebaseAuth */ = {
			isa = XCSwiftPackageProductDependency;
			package = E3F24C942B9E464300DA780D /* XCRemoteSwiftPackageReference "firebase-ios-sdk" */;
			productName = FirebaseAuth;
		};
/* End XCSwiftPackageProductDependency section */
	};
	rootObject = 7F6C1F532B5510BF00CBEC53 /* Project object */;
}
